Microsoft Visual Studio Solution File, Format Version 12.00
# Visual Studio Version 17
VisualStudioVersion = 17.5.2.0
MinimumVisualStudioVersion = 10.0.40219.1
Project("{FAE04EC0-301F-11D3-BF4B-00C04F79EFBC}") = "Aethon.Api", "Aethon.Api.csproj", "{D3AECEE3-C7EB-6783-9946-1E729941F42C}"
EndProject
Global
	GlobalSection(SolutionConfigurationPlatforms) = preSolution
		Debug|Any CPU = Debug|Any CPU
		Release|Any CPU = Release|Any CPU
	EndGlobalSection
	GlobalSection(ProjectConfigurationPlatforms) = postSolution
		{D3AECEE3-C7EB-6783-9946-1E729941F42C}.Debug|Any CPU.ActiveCfg = Debug|Any CPU
		{D3AECEE3-C7EB-6783-9946-1E729941F42C}.Debug|Any CPU.Build.0 = Debug|Any CPU
		{D3AECEE3-C7EB-6783-9946-1E729941F42C}.Release|Any CPU.ActiveCfg = Release|Any CPU
		{D3AECEE3-C7EB-6783-9946-1E729941F42C}.Release|Any CPU.Build.0 = Release|Any CPU
	EndGlobalSection
	GlobalSection(SolutionProperties) = preSolution
		HideSolutionNode = FALSE
	EndGlobalSection
	GlobalSection(ExtensibilityGlobals) = postSolution
		SolutionGuid = {935261BD-FB11-43CD-9BAB-09F49C48F8D5}
	EndGlobalSection
EndGlobal
