
Microsoft Visual Studio Solution File, Format Version 12.00
# Visual Studio Version 17
VisualStudioVersion = 17.0.31903.59
MinimumVisualStudioVersion = 10.0.40219.1
Project("{2150E333-8FDC-42A3-9474-1A3956D46DE8}") = "src", "src", "{827E0CD3-B72D-47B6-A68D-7590B98EB39B}"
EndProject
Project("{FAE04EC0-301F-11D3-BF4B-00C04F79EFBC}") = "Aethon.Api", "src\Aethon.Api\Aethon.Api.csproj", "{64718597-8ECF-4C91-9FA8-190C8952E9D6}"
EndProject
Project("{FAE04EC0-301F-11D3-BF4B-00C04F79EFBC}") = "Aethon.Web", "src\Aethon.Web\Aethon.Web.csproj", "{388AD12B-685A-4978-B893-5993C2997B99}"
EndProject
Project("{FAE04EC0-301F-11D3-BF4B-00C04F79EFBC}") = "Aethon.Data", "src\Aethon.Data\Aethon.Data.csproj", "{FAFE5212-4960-46B9-85CE-3421A7ECEE7E}"
EndProject
Project("{FAE04EC0-301F-11D3-BF4B-00C04F79EFBC}") = "Aethon.Shared", "src\Aethon.Shared\Aethon.Shared.csproj", "{763987A9-0273-4ECB-95D5-B4884AC479D2}"
EndProject
Project("{2150E333-8FDC-42A3-9474-1A3956D46DE8}") = "tests", "tests", "{0AB3BF05-4346-4AA6-1389-037BE0695223}"
EndProject
Project("{FAE04EC0-301F-11D3-BF4B-00C04F79EFBC}") = "Aethon.Api.Tests", "tests\Aethon.Api.Tests\Aethon.Api.Tests.csproj", "{E80B005D-4D4F-4A9E-87B2-BCAAD3B64CFB}"
EndProject
Global
	GlobalSection(SolutionConfigurationPlatforms) = preSolution
		Debug|Any CPU = Debug|Any CPU
		Debug|x64 = Debug|x64
		Debug|x86 = Debug|x86
		Release|Any CPU = Release|Any CPU
		Release|x64 = Release|x64
		Release|x86 = Release|x86
	EndGlobalSection
	GlobalSection(ProjectConfigurationPlatforms) = postSolution
		{64718597-8ECF-4C91-9FA8-190C8952E9D6}.Debug|Any CPU.ActiveCfg = Debug|Any CPU
		{64718597-8ECF-4C91-9FA8-190C8952E9D6}.Debug|Any CPU.Build.0 = Debug|Any CPU
		{64718597-8ECF-4C91-9FA8-190C8952E9D6}.Debug|x64.ActiveCfg = Debug|Any CPU
		{64718597-8ECF-4C91-9FA8-190C8952E9D6}.Debug|x64.Build.0 = Debug|Any CPU
		{64718597-8ECF-4C91-9FA8-190C8952E9D6}.Debug|x86.ActiveCfg = Debug|Any CPU
		{64718597-8ECF-4C91-9FA8-190C8952E9D6}.Debug|x86.Build.0 = Debug|Any CPU
		{64718597-8ECF-4C91-9FA8-190C8952E9D6}.Release|Any CPU.ActiveCfg = Release|Any CPU
		{64718597-8ECF-4C91-9FA8-190C8952E9D6}.Release|Any CPU.Build.0 = Release|Any CPU
		{64718597-8ECF-4C91-9FA8-190C8952E9D6}.Release|x64.ActiveCfg = Release|Any CPU
		{64718597-8ECF-4C91-9FA8-190C8952E9D6}.Release|x64.Build.0 = Release|Any CPU
		{64718597-8ECF-4C91-9FA8-190C8952E9D6}.Release|x86.ActiveCfg = Release|Any CPU
		{64718597-8ECF-4C91-9FA8-190C8952E9D6}.Release|x86.Build.0 = Release|Any CPU
		{388AD12B-685A-4978-B893-5993C2997B99}.Debug|Any CPU.ActiveCfg = Debug|Any CPU
		{388AD12B-685A-4978-B893-5993C2997B99}.Debug|Any CPU.Build.0 = Debug|Any CPU
		{388AD12B-685A-4978-B893-5993C2997B99}.Debug|x64.ActiveCfg = Debug|Any CPU
		{388AD12B-685A-4978-B893-5993C2997B99}.Debug|x64.Build.0 = Debug|Any CPU
		{388AD12B-685A-4978-B893-5993C2997B99}.Debug|x86.ActiveCfg = Debug|Any CPU
		{388AD12B-685A-4978-B893-5993C2997B99}.Debug|x86.Build.0 = Debug|Any CPU
		{388AD12B-685A-4978-B893-5993C2997B99}.Release|Any CPU.ActiveCfg = Release|Any CPU
		{388AD12B-685A-4978-B893-5993C2997B99}.Release|Any CPU.Build.0 = Release|Any CPU
		{388AD12B-685A-4978-B893-5993C2997B99}.Release|x64.ActiveCfg = Release|Any CPU
		{388AD12B-685A-4978-B893-5993C2997B99}.Release|x64.Build.0 = Release|Any CPU
		{388AD12B-685A-4978-B893-5993C2997B99}.Release|x86.ActiveCfg = Release|Any CPU
		{388AD12B-685A-4978-B893-5993C2997B99}.Release|x86.Build.0 = Release|Any CPU
		{FAFE5212-4960-46B9-85CE-3421A7ECEE7E}.Debug|Any CPU.ActiveCfg = Debug|Any CPU
		{FAFE5212-4960-46B9-85CE-3421A7ECEE7E}.Debug|Any CPU.Build.0 = Debug|Any CPU
		{FAFE5212-4960-46B9-85CE-3421A7ECEE7E}.Debug|x64.ActiveCfg = Debug|Any CPU
		{FAFE5212-4960-46B9-85CE-3421A7ECEE7E}.Debug|x64.Build.0 = Debug|Any CPU
		{FAFE5212-4960-46B9-85CE-3421A7ECEE7E}.Debug|x86.ActiveCfg = Debug|Any CPU
		{FAFE5212-4960-46B9-85CE-3421A7ECEE7E}.Debug|x86.Build.0 = Debug|Any CPU
		{FAFE5212-4960-46B9-85CE-3421A7ECEE7E}.Release|Any CPU.ActiveCfg = Release|Any CPU
		{FAFE5212-4960-46B9-85CE-3421A7ECEE7E}.Release|Any CPU.Build.0 = Release|Any CPU
		{FAFE5212-4960-46B9-85CE-3421A7ECEE7E}.Release|x64.ActiveCfg = Release|Any CPU
		{FAFE5212-4960-46B9-85CE-3421A7ECEE7E}.Release|x64.Build.0 = Release|Any CPU
		{FAFE5212-4960-46B9-85CE-3421A7ECEE7E}.Release|x86.ActiveCfg = Release|Any CPU
		{FAFE5212-4960-46B9-85CE-3421A7ECEE7E}.Release|x86.Build.0 = Release|Any CPU
		{763987A9-0273-4ECB-95D5-B4884AC479D2}.Debug|Any CPU.ActiveCfg = Debug|Any CPU
		{763987A9-0273-4ECB-95D5-B4884AC479D2}.Debug|Any CPU.Build.0 = Debug|Any CPU
		{763987A9-0273-4ECB-95D5-B4884AC479D2}.Debug|x64.ActiveCfg = Debug|Any CPU
		{763987A9-0273-4ECB-95D5-B4884AC479D2}.Debug|x64.Build.0 = Debug|Any CPU
		{763987A9-0273-4ECB-95D5-B4884AC479D2}.Debug|x86.ActiveCfg = Debug|Any CPU
		{763987A9-0273-4ECB-95D5-B4884AC479D2}.Debug|x86.Build.0 = Debug|Any CPU
		{763987A9-0273-4ECB-95D5-B4884AC479D2}.Release|Any CPU.ActiveCfg = Release|Any CPU
		{763987A9-0273-4ECB-95D5-B4884AC479D2}.Release|Any CPU.Build.0 = Release|Any CPU
		{763987A9-0273-4ECB-95D5-B4884AC479D2}.Release|x64.ActiveCfg = Release|Any CPU
		{763987A9-0273-4ECB-95D5-B4884AC479D2}.Release|x64.Build.0 = Release|Any CPU
		{763987A9-0273-4ECB-95D5-B4884AC479D2}.Release|x86.ActiveCfg = Release|Any CPU
		{763987A9-0273-4ECB-95D5-B4884AC479D2}.Release|x86.Build.0 = Release|Any CPU
		{E80B005D-4D4F-4A9E-87B2-BCAAD3B64CFB}.Debug|Any CPU.ActiveCfg = Debug|Any CPU
		{E80B005D-4D4F-4A9E-87B2-BCAAD3B64CFB}.Debug|Any CPU.Build.0 = Debug|Any CPU
		{E80B005D-4D4F-4A9E-87B2-BCAAD3B64CFB}.Debug|x64.ActiveCfg = Debug|Any CPU
		{E80B005D-4D4F-4A9E-87B2-BCAAD3B64CFB}.Debug|x64.Build.0 = Debug|Any CPU
		{E80B005D-4D4F-4A9E-87B2-BCAAD3B64CFB}.Debug|x86.ActiveCfg = Debug|Any CPU
		{E80B005D-4D4F-4A9E-87B2-BCAAD3B64CFB}.Debug|x86.Build.0 = Debug|Any CPU
		{E80B005D-4D4F-4A9E-87B2-BCAAD3B64CFB}.Release|Any CPU.ActiveCfg = Release|Any CPU
		{E80B005D-4D4F-4A9E-87B2-BCAAD3B64CFB}.Release|Any CPU.Build.0 = Release|Any CPU
		{E80B005D-4D4F-4A9E-87B2-BCAAD3B64CFB}.Release|x64.ActiveCfg = Release|Any CPU
		{E80B005D-4D4F-4A9E-87B2-BCAAD3B64CFB}.Release|x64.Build.0 = Release|Any CPU
		{E80B005D-4D4F-4A9E-87B2-BCAAD3B64CFB}.Release|x86.ActiveCfg = Release|Any CPU
		{E80B005D-4D4F-4A9E-87B2-BCAAD3B64CFB}.Release|x86.Build.0 = Release|Any CPU
	EndGlobalSection
	GlobalSection(SolutionProperties) = preSolution
		HideSolutionNode = FALSE
	EndGlobalSection
	GlobalSection(NestedProjects) = preSolution
		{64718597-8ECF-4C91-9FA8-190C8952E9D6} = {827E0CD3-B72D-47B6-A68D-7590B98EB39B}
		{388AD12B-685A-4978-B893-5993C2997B99} = {827E0CD3-B72D-47B6-A68D-7590B98EB39B}
		{FAFE5212-4960-46B9-85CE-3421A7ECEE7E} = {827E0CD3-B72D-47B6-A68D-7590B98EB39B}
		{763987A9-0273-4ECB-95D5-B4884AC479D2} = {827E0CD3-B72D-47B6-A68D-7590B98EB39B}
		{E80B005D-4D4F-4A9E-87B2-BCAAD3B64CFB} = {0AB3BF05-4346-4AA6-1389-037BE0695223}
	EndGlobalSection
EndGlobal
