
Microsoft Visual Studio Solution File, Format Version 12.00
# Visual Studio Version 17
VisualStudioVersion = 17.0.31903.59
MinimumVisualStudioVersion = 10.0.40219.1
Project("{2150E333-8FDC-42A3-9474-1A3956D46DE8}") = "src", "src", "{827E0CD3-B72D-47B6-A68D-7590B98EB39B}"
EndProject
Project("{FAE04EC0-301F-11D3-BF4B-00C04F79EFBC}") = "Aethon.Api", "src\Aethon.Api\Aethon.Api.csproj", "{C148B9C8-7595-4860-BAF7-2DD38CD77446}"
EndProject
Project("{FAE04EC0-301F-11D3-BF4B-00C04F79EFBC}") = "Aethon.Data", "src\Aethon.Data\Aethon.Data.csproj", "{B1E76C70-6D64-43B1-98BD-DAB0725BDCAF}"
EndProject
Project("{FAE04EC0-301F-11D3-BF4B-00C04F79EFBC}") = "Aethon.Shared", "src\Aethon.Shared\Aethon.Shared.csproj", "{77B6E1D5-F226-4C4E-830D-345A8A700D43}"
EndProject
Project("{FAE04EC0-301F-11D3-BF4B-00C04F79EFBC}") = "Aethon.Application", "src\Aethon.Application\Aethon.Application.csproj", "{2C4AF8F6-5E2C-4028-A467-8B00979121CD}"
EndProject
Project("{FAE04EC0-301F-11D3-BF4B-00C04F79EFBC}") = "Aethon.Web", "src\Aethon.Web\Aethon.Web.csproj", "{D5EE01DE-2E6E-4267-AB65-CAD8A411CF04}"
EndProject
Global
	GlobalSection(SolutionConfigurationPlatforms) = preSolution
		Debug|Any CPU = Debug|Any CPU
		Debug|x64 = Debug|x64
		Debug|x86 = Debug|x86
		Release|Any CPU = Release|Any CPU
		Release|x64 = Release|x64
		Release|x86 = Release|x86
	EndGlobalSection
	GlobalSection(ProjectConfigurationPlatforms) = postSolution
		{C148B9C8-7595-4860-BAF7-2DD38CD77446}.Debug|Any CPU.ActiveCfg = Debug|Any CPU
		{C148B9C8-7595-4860-BAF7-2DD38CD77446}.Debug|Any CPU.Build.0 = Debug|Any CPU
		{C148B9C8-7595-4860-BAF7-2DD38CD77446}.Debug|x64.ActiveCfg = Debug|Any CPU
		{C148B9C8-7595-4860-BAF7-2DD38CD77446}.Debug|x64.Build.0 = Debug|Any CPU
		{C148B9C8-7595-4860-BAF7-2DD38CD77446}.Debug|x86.ActiveCfg = Debug|Any CPU
		{C148B9C8-7595-4860-BAF7-2DD38CD77446}.Debug|x86.Build.0 = Debug|Any CPU
		{C148B9C8-7595-4860-BAF7-2DD38CD77446}.Release|Any CPU.ActiveCfg = Release|Any CPU
		{C148B9C8-7595-4860-BAF7-2DD38CD77446}.Release|Any CPU.Build.0 = Release|Any CPU
		{C148B9C8-7595-4860-BAF7-2DD38CD77446}.Release|x64.ActiveCfg = Release|Any CPU
		{C148B9C8-7595-4860-BAF7-2DD38CD77446}.Release|x64.Build.0 = Release|Any CPU
		{C148B9C8-7595-4860-BAF7-2DD38CD77446}.Release|x86.ActiveCfg = Release|Any CPU
		{C148B9C8-7595-4860-BAF7-2DD38CD77446}.Release|x86.Build.0 = Release|Any CPU
		{B1E76C70-6D64-43B1-98BD-DAB0725BDCAF}.Debug|Any CPU.ActiveCfg = Debug|Any CPU
		{B1E76C70-6D64-43B1-98BD-DAB0725BDCAF}.Debug|Any CPU.Build.0 = Debug|Any CPU
		{B1E76C70-6D64-43B1-98BD-DAB0725BDCAF}.Debug|x64.ActiveCfg = Debug|Any CPU
		{B1E76C70-6D64-43B1-98BD-DAB0725BDCAF}.Debug|x64.Build.0 = Debug|Any CPU
		{B1E76C70-6D64-43B1-98BD-DAB0725BDCAF}.Debug|x86.ActiveCfg = Debug|Any CPU
		{B1E76C70-6D64-43B1-98BD-DAB0725BDCAF}.Debug|x86.Build.0 = Debug|Any CPU
		{B1E76C70-6D64-43B1-98BD-DAB0725BDCAF}.Release|Any CPU.ActiveCfg = Release|Any CPU
		{B1E76C70-6D64-43B1-98BD-DAB0725BDCAF}.Release|Any CPU.Build.0 = Release|Any CPU
		{B1E76C70-6D64-43B1-98BD-DAB0725BDCAF}.Release|x64.ActiveCfg = Release|Any CPU
		{B1E76C70-6D64-43B1-98BD-DAB0725BDCAF}.Release|x64.Build.0 = Release|Any CPU
		{B1E76C70-6D64-43B1-98BD-DAB0725BDCAF}.Release|x86.ActiveCfg = Release|Any CPU
		{B1E76C70-6D64-43B1-98BD-DAB0725BDCAF}.Release|x86.Build.0 = Release|Any CPU
		{77B6E1D5-F226-4C4E-830D-345A8A700D43}.Debug|Any CPU.ActiveCfg = Debug|Any CPU
		{77B6E1D5-F226-4C4E-830D-345A8A700D43}.Debug|Any CPU.Build.0 = Debug|Any CPU
		{77B6E1D5-F226-4C4E-830D-345A8A700D43}.Debug|x64.ActiveCfg = Debug|Any CPU
		{77B6E1D5-F226-4C4E-830D-345A8A700D43}.Debug|x64.Build.0 = Debug|Any CPU
		{77B6E1D5-F226-4C4E-830D-345A8A700D43}.Debug|x86.ActiveCfg = Debug|Any CPU
		{77B6E1D5-F226-4C4E-830D-345A8A700D43}.Debug|x86.Build.0 = Debug|Any CPU
		{77B6E1D5-F226-4C4E-830D-345A8A700D43}.Release|Any CPU.ActiveCfg = Release|Any CPU
		{77B6E1D5-F226-4C4E-830D-345A8A700D43}.Release|Any CPU.Build.0 = Release|Any CPU
		{77B6E1D5-F226-4C4E-830D-345A8A700D43}.Release|x64.ActiveCfg = Release|Any CPU
		{77B6E1D5-F226-4C4E-830D-345A8A700D43}.Release|x64.Build.0 = Release|Any CPU
		{77B6E1D5-F226-4C4E-830D-345A8A700D43}.Release|x86.ActiveCfg = Release|Any CPU
		{77B6E1D5-F226-4C4E-830D-345A8A700D43}.Release|x86.Build.0 = Release|Any CPU
		{2C4AF8F6-5E2C-4028-A467-8B00979121CD}.Debug|Any CPU.ActiveCfg = Debug|Any CPU
		{2C4AF8F6-5E2C-4028-A467-8B00979121CD}.Debug|Any CPU.Build.0 = Debug|Any CPU
		{2C4AF8F6-5E2C-4028-A467-8B00979121CD}.Debug|x64.ActiveCfg = Debug|Any CPU
		{2C4AF8F6-5E2C-4028-A467-8B00979121CD}.Debug|x64.Build.0 = Debug|Any CPU
		{2C4AF8F6-5E2C-4028-A467-8B00979121CD}.Debug|x86.ActiveCfg = Debug|Any CPU
		{2C4AF8F6-5E2C-4028-A467-8B00979121CD}.Debug|x86.Build.0 = Debug|Any CPU
		{2C4AF8F6-5E2C-4028-A467-8B00979121CD}.Release|Any CPU.ActiveCfg = Release|Any CPU
		{2C4AF8F6-5E2C-4028-A467-8B00979121CD}.Release|Any CPU.Build.0 = Release|Any CPU
		{2C4AF8F6-5E2C-4028-A467-8B00979121CD}.Release|x64.ActiveCfg = Release|Any CPU
		{2C4AF8F6-5E2C-4028-A467-8B00979121CD}.Release|x64.Build.0 = Release|Any CPU
		{2C4AF8F6-5E2C-4028-A467-8B00979121CD}.Release|x86.ActiveCfg = Release|Any CPU
		{2C4AF8F6-5E2C-4028-A467-8B00979121CD}.Release|x86.Build.0 = Release|Any CPU
		{D5EE01DE-2E6E-4267-AB65-CAD8A411CF04}.Debug|Any CPU.ActiveCfg = Debug|Any CPU
		{D5EE01DE-2E6E-4267-AB65-CAD8A411CF04}.Debug|Any CPU.Build.0 = Debug|Any CPU
		{D5EE01DE-2E6E-4267-AB65-CAD8A411CF04}.Debug|x64.ActiveCfg = Debug|Any CPU
		{D5EE01DE-2E6E-4267-AB65-CAD8A411CF04}.Debug|x64.Build.0 = Debug|Any CPU
		{D5EE01DE-2E6E-4267-AB65-CAD8A411CF04}.Debug|x86.ActiveCfg = Debug|Any CPU
		{D5EE01DE-2E6E-4267-AB65-CAD8A411CF04}.Debug|x86.Build.0 = Debug|Any CPU
		{D5EE01DE-2E6E-4267-AB65-CAD8A411CF04}.Release|Any CPU.ActiveCfg = Release|Any CPU
		{D5EE01DE-2E6E-4267-AB65-CAD8A411CF04}.Release|Any CPU.Build.0 = Release|Any CPU
		{D5EE01DE-2E6E-4267-AB65-CAD8A411CF04}.Release|x64.ActiveCfg = Release|Any CPU
		{D5EE01DE-2E6E-4267-AB65-CAD8A411CF04}.Release|x64.Build.0 = Release|Any CPU
		{D5EE01DE-2E6E-4267-AB65-CAD8A411CF04}.Release|x86.ActiveCfg = Release|Any CPU
		{D5EE01DE-2E6E-4267-AB65-CAD8A411CF04}.Release|x86.Build.0 = Release|Any CPU
	EndGlobalSection
	GlobalSection(SolutionProperties) = preSolution
		HideSolutionNode = FALSE
	EndGlobalSection
	GlobalSection(NestedProjects) = preSolution
		{C148B9C8-7595-4860-BAF7-2DD38CD77446} = {827E0CD3-B72D-47B6-A68D-7590B98EB39B}
		{B1E76C70-6D64-43B1-98BD-DAB0725BDCAF} = {827E0CD3-B72D-47B6-A68D-7590B98EB39B}
		{77B6E1D5-F226-4C4E-830D-345A8A700D43} = {827E0CD3-B72D-47B6-A68D-7590B98EB39B}
		{2C4AF8F6-5E2C-4028-A467-8B00979121CD} = {827E0CD3-B72D-47B6-A68D-7590B98EB39B}
		{D5EE01DE-2E6E-4267-AB65-CAD8A411CF04} = {827E0CD3-B72D-47B6-A68D-7590B98EB39B}
	EndGlobalSection
EndGlobal
