Microsoft Visual Studio Solution File, Format Version 12.00
# Visual Studio Version 17
VisualStudioVersion = 17.5.2.0
MinimumVisualStudioVersion = 10.0.40219.1
Project("{FAE04EC0-301F-11D3-BF4B-00C04F79EFBC}") = "Aethon.Shared", "Aethon.Shared.csproj", "{18B087C0-B3ED-8C16-0422-F55E4187DD82}"
EndProject
Global
	GlobalSection(SolutionConfigurationPlatforms) = preSolution
		Debug|Any CPU = Debug|Any CPU
		Release|Any CPU = Release|Any CPU
	EndGlobalSection
	GlobalSection(ProjectConfigurationPlatforms) = postSolution
		{18B087C0-B3ED-8C16-0422-F55E4187DD82}.Debug|Any CPU.ActiveCfg = Debug|Any CPU
		{18B087C0-B3ED-8C16-0422-F55E4187DD82}.Debug|Any CPU.Build.0 = Debug|Any CPU
		{18B087C0-B3ED-8C16-0422-F55E4187DD82}.Release|Any CPU.ActiveCfg = Release|Any CPU
		{18B087C0-B3ED-8C16-0422-F55E4187DD82}.Release|Any CPU.Build.0 = Release|Any CPU
	EndGlobalSection
	GlobalSection(SolutionProperties) = preSolution
		HideSolutionNode = FALSE
	EndGlobalSection
	GlobalSection(ExtensibilityGlobals) = postSolution
		SolutionGuid = {1730EA4F-561D-4788-939E-21166272F023}
	EndGlobalSection
EndGlobal
