Microsoft Visual Studio Solution File, Format Version 12.00
# Visual Studio Version 17
VisualStudioVersion = 17.5.2.0
MinimumVisualStudioVersion = 10.0.40219.1
Project("{FAE04EC0-301F-11D3-BF4B-00C04F79EFBC}") = "Aethon.Application", "Aethon.Application.csproj", "{1DE6C1D7-BAA9-FF2B-80FE-0445253149CF}"
EndProject
Global
	GlobalSection(SolutionConfigurationPlatforms) = preSolution
		Debug|Any CPU = Debug|Any CPU
		Release|Any CPU = Release|Any CPU
	EndGlobalSection
	GlobalSection(ProjectConfigurationPlatforms) = postSolution
		{1DE6C1D7-BAA9-FF2B-80FE-0445253149CF}.Debug|Any CPU.ActiveCfg = Debug|Any CPU
		{1DE6C1D7-BAA9-FF2B-80FE-0445253149CF}.Debug|Any CPU.Build.0 = Debug|Any CPU
		{1DE6C1D7-BAA9-FF2B-80FE-0445253149CF}.Release|Any CPU.ActiveCfg = Release|Any CPU
		{1DE6C1D7-BAA9-FF2B-80FE-0445253149CF}.Release|Any CPU.Build.0 = Release|Any CPU
	EndGlobalSection
	GlobalSection(SolutionProperties) = preSolution
		HideSolutionNode = FALSE
	EndGlobalSection
	GlobalSection(ExtensibilityGlobals) = postSolution
		SolutionGuid = {958E937B-A2C6-40B6-AD49-5DF536322BA4}
	EndGlobalSection
EndGlobal
